{
  "object": {
    "pins": [
      {
        "package": "AssetChecker",
        "repositoryURL": "https://github.com/joeboyscout04/AssetChecker",
        "state": {
          "branch": "swift-pm",
          "revision": "a03995a9305d7b63dfedd1027ac4b7bdfda623f7",
          "version": null
        }
      }
    ]
  },
  "version": 1
}
