{
  "object": {
    "pins": [
      {
        "package": "AssetChecker",
        "repositoryURL": "https://github.com/joeboyscout04/AssetChecker",
        "state": {
          "branch": "master",
          "revision": "99f455d4593c42f6c77e5eb16339c6ea382ea6b5",
          "version": null
        }
      }
    ]
  },
  "version": 1
}
